
Microsoft Visual Studio Solution File, Format Version 12.00
# Visual Studio Version 17
VisualStudioVersion = 17.5.33424.131
MinimumVisualStudioVersion = 10.0.40219.1
Project("{FAE04EC0-301F-11D3-BF4B-00C04F79EFBC}") = "MTM", "MTM.csproj", "{D5974748-F712-43EC-9459-2D32A4EC4447}"
EndProject
Project("{FAE04EC0-301F-11D3-BF4B-00C04F79EFBC}") = "Example", "..\Example\Example\Example.csproj", "{1B627ADE-BC7F-4D0C-8006-4EC080352733}"
EndProject
Global
	GlobalSection(SolutionConfigurationPlatforms) = preSolution
		Debug|Any CPU = Debug|Any CPU
		Release|Any CPU = Release|Any CPU
	EndGlobalSection
	GlobalSection(ProjectConfigurationPlatforms) = postSolution
		{D5974748-F712-43EC-9459-2D32A4EC4447}.Debug|Any CPU.ActiveCfg = Debug|Any CPU
		{D5974748-F712-43EC-9459-2D32A4EC4447}.Debug|Any CPU.Build.0 = Debug|Any CPU
		{D5974748-F712-43EC-9459-2D32A4EC4447}.Release|Any CPU.ActiveCfg = Release|Any CPU
		{D5974748-F712-43EC-9459-2D32A4EC4447}.Release|Any CPU.Build.0 = Release|Any CPU
		{1B627ADE-BC7F-4D0C-8006-4EC080352733}.Debug|Any CPU.ActiveCfg = Debug|Any CPU
		{1B627ADE-BC7F-4D0C-8006-4EC080352733}.Debug|Any CPU.Build.0 = Debug|Any CPU
		{1B627ADE-BC7F-4D0C-8006-4EC080352733}.Release|Any CPU.ActiveCfg = Release|Any CPU
		{1B627ADE-BC7F-4D0C-8006-4EC080352733}.Release|Any CPU.Build.0 = Release|Any CPU
	EndGlobalSection
	GlobalSection(SolutionProperties) = preSolution
		HideSolutionNode = FALSE
	EndGlobalSection
	GlobalSection(ExtensibilityGlobals) = postSolution
		SolutionGuid = {A53EE3BF-73E6-4AAB-9C91-2EE0A854D372}
	EndGlobalSection
EndGlobal
